// !$*UTF8*$!
{
	archiveVersion = 1;
	classes = {
	};
	objectVersion = 55;
	objects = {

/* Begin PBXBuildFile section */
		47E3239327CBAAF200D9C8D7 /* UI_483App.swift in Sources */ = {isa = PBXBuildFile; fileRef = 47E3239227CBAAF200D9C8D7 /* UI_483App.swift */; };
		47E3239527CBAAF200D9C8D7 /* ContentView.swift in Sources */ = {isa = PBXBuildFile; fileRef = 47E3239427CBAAF200D9C8D7 /* ContentView.swift */; };
		47E3239727CBAAF300D9C8D7 /* Assets.xcassets in Resources */ = {isa = PBXBuildFile; fileRef = 47E3239627CBAAF300D9C8D7 /* Assets.xcassets */; };
		47E3239A27CBAAF300D9C8D7 /* Preview Assets.xcassets in Resources */ = {isa = PBXBuildFile; fileRef = 47E3239927CBAAF300D9C8D7 /* Preview Assets.xcassets */; };
		47E323A427CBAAF300D9C8D7 /* UI_483Tests.swift in Sources */ = {isa = PBXBuildFile; fileRef = 47E323A327CBAAF300D9C8D7 /* UI_483Tests.swift */; };
		47E323AE27CBAAF300D9C8D7 /* UI_483UITests.swift in Sources */ = {isa = PBXBuildFile; fileRef = 47E323AD27CBAAF300D9C8D7 /* UI_483UITests.swift */; };
		47E323B027CBAAF300D9C8D7 /* UI_483UITestsLaunchTests.swift in Sources */ = {isa = PBXBuildFile; fileRef = 47E323AF27CBAAF300D9C8D7 /* UI_483UITestsLaunchTests.swift */; };
		47E323BE27CBAB6E00D9C8D7 /* Home.swift in Sources */ = {isa = PBXBuildFile; fileRef = 47E323BD27CBAB6E00D9C8D7 /* Home.swift */; };
/* End PBXBuildFile section */

/* Begin PBXContainerItemProxy section */
		47E323A027CBAAF300D9C8D7 /* PBXContainerItemProxy */ = {
			isa = PBXContainerItemProxy;
			containerPortal = 47E3238727CBAAF200D9C8D7 /* Project object */;
			proxyType = 1;
			remoteGlobalIDString = 47E3238E27CBAAF200D9C8D7;
			remoteInfo = "UI-483";
		};
		47E323AA27CBAAF300D9C8D7 /* PBXContainerItemProxy */ = {
			isa = PBXContainerItemProxy;
			containerPortal = 47E3238727CBAAF200D9C8D7 /* Project object */;
			proxyType = 1;
			remoteGlobalIDString = 47E3238E27CBAAF200D9C8D7;
			remoteInfo = "UI-483";
		};
/* End PBXContainerItemProxy section */

/* Begin PBXFileReference section */
		47E3238F27CBAAF200D9C8D7 /* UI-483.app */ = {isa = PBXFileReference; explicitFileType = wrapper.application; includeInIndex = 0; path = "UI-483.app"; sourceTree = BUILT_PRODUCTS_DIR; };
		47E3239227CBAAF200D9C8D7 /* UI_483App.swift */ = {isa = PBXFileReference; lastKnownFileType = sourcecode.swift; path = UI_483App.swift; sourceTree = "<group>"; };
		47E3239427CBAAF200D9C8D7 /* ContentView.swift */ = {isa = PBXFileReference; lastKnownFileType = sourcecode.swift; path = ContentView.swift; sourceTree = "<group>"; };
		47E3239627CBAAF300D9C8D7 /* Assets.xcassets */ = {isa = PBXFileReference; lastKnownFileType = folder.assetcatalog; path = Assets.xcassets; sourceTree = "<group>"; };
		47E3239927CBAAF300D9C8D7 /* Preview Assets.xcassets */ = {isa = PBXFileReference; lastKnownFileType = folder.assetcatalog; path = "Preview Assets.xcassets"; sourceTree = "<group>"; };
		47E3239F27CBAAF300D9C8D7 /* UI-483Tests.xctest */ = {isa = PBXFileReference; explicitFileType = wrapper.cfbundle; includeInIndex = 0; path = "UI-483Tests.xctest"; sourceTree = BUILT_PRODUCTS_DIR; };
		47E323A327CBAAF300D9C8D7 /* UI_483Tests.swift */ = {isa = PBXFileReference; lastKnownFileType = sourcecode.swift; path = UI_483Tests.swift; sourceTree = "<group>"; };
		47E323A927CBAAF300D9C8D7 /* UI-483UITests.xctest */ = {isa = PBXFileReference; explicitFileType = wrapper.cfbundle; includeInIndex = 0; path = "UI-483UITests.xctest"; sourceTree = BUILT_PRODUCTS_DIR; };
		47E323AD27CBAAF300D9C8D7 /* UI_483UITests.swift */ = {isa = PBXFileReference; lastKnownFileType = sourcecode.swift; path = UI_483UITests.swift; sourceTree = "<group>"; };
		47E323AF27CBAAF300D9C8D7 /* UI_483UITestsLaunchTests.swift */ = {isa = PBXFileReference; lastKnownFileType = sourcecode.swift; path = UI_483UITestsLaunchTests.swift; sourceTree = "<group>"; };
		47E323BD27CBAB6E00D9C8D7 /* Home.swift */ = {isa = PBXFileReference; lastKnownFileType = sourcecode.swift; path = Home.swift; sourceTree = "<group>"; };
/* End PBXFileReference section */

/* Begin PBXFrameworksBuildPhase section */
		47E3238C27CBAAF200D9C8D7 /* Frameworks */ = {
			isa = PBXFrameworksBuildPhase;
			buildActionMask = 2147483647;
			files = (
			);
			runOnlyForDeploymentPostprocessing = 0;
		};
		47E3239C27CBAAF300D9C8D7 /* Frameworks */ = {
			isa = PBXFrameworksBuildPhase;
			buildActionMask = 2147483647;
			files = (
			);
			runOnlyForDeploymentPostprocessing = 0;
		};
		47E323A627CBAAF300D9C8D7 /* Frameworks */ = {
			isa = PBXFrameworksBuildPhase;
			buildActionMask = 2147483647;
			files = (
			);
			runOnlyForDeploymentPostprocessing = 0;
		};
/* End PBXFrameworksBuildPhase section */

/* Begin PBXGroup section */
		47E3238627CBAAF200D9C8D7 = {
			isa = PBXGroup;
			children = (
				47E3239127CBAAF200D9C8D7 /* UI-483 */,
				47E323A227CBAAF300D9C8D7 /* UI-483Tests */,
				47E323AC27CBAAF300D9C8D7 /* UI-483UITests */,
				47E3239027CBAAF200D9C8D7 /* Products */,
			);
			sourceTree = "<group>";
		};
		47E3239027CBAAF200D9C8D7 /* Products */ = {
			isa = PBXGroup;
			children = (
				47E3238F27CBAAF200D9C8D7 /* UI-483.app */,
				47E3239F27CBAAF300D9C8D7 /* UI-483Tests.xctest */,
				47E323A927CBAAF300D9C8D7 /* UI-483UITests.xctest */,
			);
			name = Products;
			sourceTree = "<group>";
		};
		47E3239127CBAAF200D9C8D7 /* UI-483 */ = {
			isa = PBXGroup;
			children = (
				47E323BC27CBAB6000D9C8D7 /* View */,
				47E3239227CBAAF200D9C8D7 /* UI_483App.swift */,
				47E3239427CBAAF200D9C8D7 /* ContentView.swift */,
				47E3239627CBAAF300D9C8D7 /* Assets.xcassets */,
				47E3239827CBAAF300D9C8D7 /* Preview Content */,
			);
			path = "UI-483";
			sourceTree = "<group>";
		};
		47E3239827CBAAF300D9C8D7 /* Preview Content */ = {
			isa = PBXGroup;
			children = (
				47E3239927CBAAF300D9C8D7 /* Preview Assets.xcassets */,
			);
			path = "Preview Content";
			sourceTree = "<group>";
		};
		47E323A227CBAAF300D9C8D7 /* UI-483Tests */ = {
			isa = PBXGroup;
			children = (
				47E323A327CBAAF300D9C8D7 /* UI_483Tests.swift */,
			);
			path = "UI-483Tests";
			sourceTree = "<group>";
		};
		47E323AC27CBAAF300D9C8D7 /* UI-483UITests */ = {
			isa = PBXGroup;
			children = (
				47E323AD27CBAAF300D9C8D7 /* UI_483UITests.swift */,
				47E323AF27CBAAF300D9C8D7 /* UI_483UITestsLaunchTests.swift */,
			);
			path = "UI-483UITests";
			sourceTree = "<group>";
		};
		47E323BC27CBAB6000D9C8D7 /* View */ = {
			isa = PBXGroup;
			children = (
				47E323BD27CBAB6E00D9C8D7 /* Home.swift */,
			);
			path = View;
			sourceTree = "<group>";
		};
/* End PBXGroup section */

/* Begin PBXNativeTarget section */
		47E3238E27CBAAF200D9C8D7 /* UI-483 */ = {
			isa = PBXNativeTarget;
			buildConfigurationList = 47E323B327CBAAF300D9C8D7 /* Build configuration list for PBXNativeTarget "UI-483" */;
			buildPhases = (
				47E3238B27CBAAF200D9C8D7 /* Sources */,
				47E3238C27CBAAF200D9C8D7 /* Frameworks */,
				47E3238D27CBAAF200D9C8D7 /* Resources */,
			);
			buildRules = (
			);
			dependencies = (
			);
			name = "UI-483";
			productName = "UI-483";
			productReference = 47E3238F27CBAAF200D9C8D7 /* UI-483.app */;
			productType = "com.apple.product-type.application";
		};
		47E3239E27CBAAF300D9C8D7 /* UI-483Tests */ = {
			isa = PBXNativeTarget;
			buildConfigurationList = 47E323B627CBAAF300D9C8D7 /* Build configuration list for PBXNativeTarget "UI-483Tests" */;
			buildPhases = (
				47E3239B27CBAAF300D9C8D7 /* Sources */,
				47E3239C27CBAAF300D9C8D7 /* Frameworks */,
				47E3239D27CBAAF300D9C8D7 /* Resources */,
			);
			buildRules = (
			);
			dependencies = (
				47E323A127CBAAF300D9C8D7 /* PBXTargetDependency */,
			);
			name = "UI-483Tests";
			productName = "UI-483Tests";
			productReference = 47E3239F27CBAAF300D9C8D7 /* UI-483Tests.xctest */;
			productType = "com.apple.product-type.bundle.unit-test";
		};
		47E323A827CBAAF300D9C8D7 /* UI-483UITests */ = {
			isa = PBXNativeTarget;
			buildConfigurationList = 47E323B927CBAAF300D9C8D7 /* Build configuration list for PBXNativeTarget "UI-483UITests" */;
			buildPhases = (
				47E323A527CBAAF300D9C8D7 /* Sources */,
				47E323A627CBAAF300D9C8D7 /* Frameworks */,
				47E323A727CBAAF300D9C8D7 /* Resources */,
			);
			buildRules = (
			);
			dependencies = (
				47E323AB27CBAAF300D9C8D7 /* PBXTargetDependency */,
			);
			name = "UI-483UITests";
			productName = "UI-483UITests";
			productReference = 47E323A927CBAAF300D9C8D7 /* UI-483UITests.xctest */;
			productType = "com.apple.product-type.bundle.ui-testing";
		};
/* End PBXNativeTarget section */

/* Begin PBXProject section */
		47E3238727CBAAF200D9C8D7 /* Project object */ = {
			isa = PBXProject;
			attributes = {
				BuildIndependentTargetsInParallel = 1;
				LastSwiftUpdateCheck = 1330;
				LastUpgradeCheck = 1330;
				TargetAttributes = {
					47E3238E27CBAAF200D9C8D7 = {
						CreatedOnToolsVersion = 13.3;
					};
					47E3239E27CBAAF300D9C8D7 = {
						CreatedOnToolsVersion = 13.3;
						TestTargetID = 47E3238E27CBAAF200D9C8D7;
					};
					47E323A827CBAAF300D9C8D7 = {
						CreatedOnToolsVersion = 13.3;
						TestTargetID = 47E3238E27CBAAF200D9C8D7;
					};
				};
			};
			buildConfigurationList = 47E3238A27CBAAF200D9C8D7 /* Build configuration list for PBXProject "UI-483" */;
			compatibilityVersion = "Xcode 13.0";
			developmentRegion = en;
			hasScannedForEncodings = 0;
			knownRegions = (
				en,
				Base,
			);
			mainGroup = 47E3238627CBAAF200D9C8D7;
			productRefGroup = 47E3239027CBAAF200D9C8D7 /* Products */;
			projectDirPath = "";
			projectRoot = "";
			targets = (
				47E3238E27CBAAF200D9C8D7 /* UI-483 */,
				47E3239E27CBAAF300D9C8D7 /* UI-483Tests */,
				47E323A827CBAAF300D9C8D7 /* UI-483UITests */,
			);
		};
/* End PBXProject section */

/* Begin PBXResourcesBuildPhase section */
		47E3238D27CBAAF200D9C8D7 /* Resources */ = {
			isa = PBXResourcesBuildPhase;
			buildActionMask = 2147483647;
			files = (
				47E3239A27CBAAF300D9C8D7 /* Preview Assets.xcassets in Resources */,
				47E3239727CBAAF300D9C8D7 /* Assets.xcassets in Resources */,
			);
			runOnlyForDeploymentPostprocessing = 0;
		};
		47E3239D27CBAAF300D9C8D7 /* Resources */ = {
			isa = PBXResourcesBuildPhase;
			buildActionMask = 2147483647;
			files = (
			);
			runOnlyForDeploymentPostprocessing = 0;
		};
		47E323A727CBAAF300D9C8D7 /* Resources */ = {
			isa = PBXResourcesBuildPhase;
			buildActionMask = 2147483647;
			files = (
			);
			runOnlyForDeploymentPostprocessing = 0;
		};
/* End PBXResourcesBuildPhase section */

/* Begin PBXSourcesBuildPhase section */
		47E3238B27CBAAF200D9C8D7 /* Sources */ = {
			isa = PBXSourcesBuildPhase;
			buildActionMask = 2147483647;
			files = (
				47E3239527CBAAF200D9C8D7 /* ContentView.swift in Sources */,
				47E323BE27CBAB6E00D9C8D7 /* Home.swift in Sources */,
				47E3239327CBAAF200D9C8D7 /* UI_483App.swift in Sources */,
			);
			runOnlyForDeploymentPostprocessing = 0;
		};
		47E3239B27CBAAF300D9C8D7 /* Sources */ = {
			isa = PBXSourcesBuildPhase;
			buildActionMask = 2147483647;
			files = (
				47E323A427CBAAF300D9C8D7 /* UI_483Tests.swift in Sources */,
			);
			runOnlyForDeploymentPostprocessing = 0;
		};
		47E323A527CBAAF300D9C8D7 /* Sources */ = {
			isa = PBXSourcesBuildPhase;
			buildActionMask = 2147483647;
			files = (
				47E323B027CBAAF300D9C8D7 /* UI_483UITestsLaunchTests.swift in Sources */,
				47E323AE27CBAAF300D9C8D7 /* UI_483UITests.swift in Sources */,
			);
			runOnlyForDeploymentPostprocessing = 0;
		};
/* End PBXSourcesBuildPhase section */

/* Begin PBXTargetDependency section */
		47E323A127CBAAF300D9C8D7 /* PBXTargetDependency */ = {
			isa = PBXTargetDependency;
			target = 47E3238E27CBAAF200D9C8D7 /* UI-483 */;
			targetProxy = 47E323A027CBAAF300D9C8D7 /* PBXContainerItemProxy */;
		};
		47E323AB27CBAAF300D9C8D7 /* PBXTargetDependency */ = {
			isa = PBXTargetDependency;
			target = 47E3238E27CBAAF200D9C8D7 /* UI-483 */;
			targetProxy = 47E323AA27CBAAF300D9C8D7 /* PBXContainerItemProxy */;
		};
/* End PBXTargetDependency section */

/* Begin XCBuildConfiguration section */
		47E323B127CBAAF300D9C8D7 /* Debug */ = {
			isa = XCBuildConfiguration;
			buildSettings = {
				ALWAYS_SEARCH_USER_PATHS = NO;
				CLANG_ANALYZER_NONNULL = YES;
				CLANG_ANALYZER_NUMBER_OBJECT_CONVERSION = YES_AGGRESSIVE;
				CLANG_CXX_LANGUAGE_STANDARD = "gnu++17";
				CLANG_ENABLE_MODULES = YES;
				CLANG_ENABLE_OBJC_ARC = YES;
				CLANG_ENABLE_OBJC_WEAK = YES;
				CLANG_WARN_BLOCK_CAPTURE_AUTORELEASING = YES;
				CLANG_WARN_BOOL_CONVERSION = YES;
				CLANG_WARN_COMMA = YES;
				CLANG_WARN_CONSTANT_CONVERSION = YES;
				CLANG_WARN_DEPRECATED_OBJC_IMPLEMENTATIONS = YES;
				CLANG_WARN_DIRECT_OBJC_ISA_USAGE = YES_ERROR;
				CLANG_WARN_DOCUMENTATION_COMMENTS = YES;
				CLANG_WARN_EMPTY_BODY = YES;
				CLANG_WARN_ENUM_CONVERSION = YES;
				CLANG_WARN_INFINITE_RECURSION = YES;
				CLANG_WARN_INT_CONVERSION = YES;
				CLANG_WARN_NON_LITERAL_NULL_CONVERSION = YES;
				CLANG_WARN_OBJC_IMPLICIT_RETAIN_SELF = YES;
				CLANG_WARN_OBJC_LITERAL_CONVERSION = YES;
				CLANG_WARN_OBJC_ROOT_CLASS = YES_ERROR;
				CLANG_WARN_QUOTED_INCLUDE_IN_FRAMEWORK_HEADER = YES;
				CLANG_WARN_RANGE_LOOP_ANALYSIS = YES;
				CLANG_WARN_STRICT_PROTOTYPES = YES;
				CLANG_WARN_SUSPICIOUS_MOVE = YES;
				CLANG_WARN_UNGUARDED_AVAILABILITY = YES_AGGRESSIVE;
				CLANG_WARN_UNREACHABLE_CODE = YES;
				CLANG_WARN__DUPLICATE_METHOD_MATCH = YES;
				COPY_PHASE_STRIP = NO;
				DEBUG_INFORMATION_FORMAT = dwarf;
				ENABLE_STRICT_OBJC_MSGSEND = YES;
				ENABLE_TESTABILITY = YES;
				GCC_C_LANGUAGE_STANDARD = gnu11;
				GCC_DYNAMIC_NO_PIC = NO;
				GCC_NO_COMMON_BLOCKS = YES;
				GCC_OPTIMIZATION_LEVEL = 0;
				GCC_PREPROCESSOR_DEFINITIONS = (
					"DEBUG=1",
					"$(inherited)",
				);
				GCC_WARN_64_TO_32_BIT_CONVERSION = YES;
				GCC_WARN_ABOUT_RETURN_TYPE = YES_ERROR;
				GCC_WARN_UNDECLARED_SELECTOR = YES;
				GCC_WARN_UNINITIALIZED_AUTOS = YES_AGGRESSIVE;
				GCC_WARN_UNUSED_FUNCTION = YES;
				GCC_WARN_UNUSED_VARIABLE = YES;
				IPHONEOS_DEPLOYMENT_TARGET = 15.4;
				MTL_ENABLE_DEBUG_INFO = INCLUDE_SOURCE;
				MTL_FAST_MATH = YES;
				ONLY_ACTIVE_ARCH = YES;
				SDKROOT = iphoneos;
				SWIFT_ACTIVE_COMPILATION_CONDITIONS = DEBUG;
				SWIFT_OPTIMIZATION_LEVEL = "-Onone";
			};
			name = Debug;
		};
		47E323B227CBAAF300D9C8D7 /* Release */ = {
			isa = XCBuildConfiguration;
			buildSettings = {
				ALWAYS_SEARCH_USER_PATHS = NO;
				CLANG_ANALYZER_NONNULL = YES;
				CLANG_ANALYZER_NUMBER_OBJECT_CONVERSION = YES_AGGRESSIVE;
				CLANG_CXX_LANGUAGE_STANDARD = "gnu++17";
				CLANG_ENABLE_MODULES = YES;
				CLANG_ENABLE_OBJC_ARC = YES;
				CLANG_ENABLE_OBJC_WEAK = YES;
				CLANG_WARN_BLOCK_CAPTURE_AUTORELEASING = YES;
				CLANG_WARN_BOOL_CONVERSION = YES;
				CLANG_WARN_COMMA = YES;
				CLANG_WARN_CONSTANT_CONVERSION = YES;
				CLANG_WARN_DEPRECATED_OBJC_IMPLEMENTATIONS = YES;
				CLANG_WARN_DIRECT_OBJC_ISA_USAGE = YES_ERROR;
				CLANG_WARN_DOCUMENTATION_COMMENTS = YES;
				CLANG_WARN_EMPTY_BODY = YES;
				CLANG_WARN_ENUM_CONVERSION = YES;
				CLANG_WARN_INFINITE_RECURSION = YES;
				CLANG_WARN_INT_CONVERSION = YES;
				CLANG_WARN_NON_LITERAL_NULL_CONVERSION = YES;
				CLANG_WARN_OBJC_IMPLICIT_RETAIN_SELF = YES;
				CLANG_WARN_OBJC_LITERAL_CONVERSION = YES;
				CLANG_WARN_OBJC_ROOT_CLASS = YES_ERROR;
				CLANG_WARN_QUOTED_INCLUDE_IN_FRAMEWORK_HEADER = YES;
				CLANG_WARN_RANGE_LOOP_ANALYSIS = YES;
				CLANG_WARN_STRICT_PROTOTYPES = YES;
				CLANG_WARN_SUSPICIOUS_MOVE = YES;
				CLANG_WARN_UNGUARDED_AVAILABILITY = YES_AGGRESSIVE;
				CLANG_WARN_UNREACHABLE_CODE = YES;
				CLANG_WARN__DUPLICATE_METHOD_MATCH = YES;
				COPY_PHASE_STRIP = NO;
				DEBUG_INFORMATION_FORMAT = "dwarf-with-dsym";
				ENABLE_NS_ASSERTIONS = NO;
				ENABLE_STRICT_OBJC_MSGSEND = YES;
				GCC_C_LANGUAGE_STANDARD = gnu11;
				GCC_NO_COMMON_BLOCKS = YES;
				GCC_WARN_64_TO_32_BIT_CONVERSION = YES;
				GCC_WARN_ABOUT_RETURN_TYPE = YES_ERROR;
				GCC_WARN_UNDECLARED_SELECTOR = YES;
				GCC_WARN_UNINITIALIZED_AUTOS = YES_AGGRESSIVE;
				GCC_WARN_UNUSED_FUNCTION = YES;
				GCC_WARN_UNUSED_VARIABLE = YES;
				IPHONEOS_DEPLOYMENT_TARGET = 15.4;
				MTL_ENABLE_DEBUG_INFO = NO;
				MTL_FAST_MATH = YES;
				SDKROOT = iphoneos;
				SWIFT_COMPILATION_MODE = wholemodule;
				SWIFT_OPTIMIZATION_LEVEL = "-O";
				VALIDATE_PRODUCT = YES;
			};
			name = Release;
		};
		47E323B427CBAAF300D9C8D7 /* Debug */ = {
			isa = XCBuildConfiguration;
			buildSettings = {
				ASSETCATALOG_COMPILER_APPICON_NAME = AppIcon;
				ASSETCATALOG_COMPILER_GLOBAL_ACCENT_COLOR_NAME = AccentColor;
				CODE_SIGN_STYLE = Automatic;
				CURRENT_PROJECT_VERSION = 1;
				DEVELOPMENT_ASSET_PATHS = "\"UI-483/Preview Content\"";
				DEVELOPMENT_TEAM = 8CL4U468K5;
				ENABLE_PREVIEWS = YES;
				GENERATE_INFOPLIST_FILE = YES;
				INFOPLIST_KEY_UIApplicationSceneManifest_Generation = YES;
				INFOPLIST_KEY_UIApplicationSupportsIndirectInputEvents = YES;
				INFOPLIST_KEY_UILaunchScreen_Generation = YES;
				INFOPLIST_KEY_UISupportedInterfaceOrientations_iPad = "UIInterfaceOrientationPortrait UIInterfaceOrientationPortraitUpsideDown UIInterfaceOrientationLandscapeLeft UIInterfaceOrientationLandscapeRight";
				INFOPLIST_KEY_UISupportedInterfaceOrientations_iPhone = "UIInterfaceOrientationPortrait UIInterfaceOrientationLandscapeLeft UIInterfaceOrientationLandscapeRight";
				LD_RUNPATH_SEARCH_PATHS = (
					"$(inherited)",
					"@executable_path/Frameworks",
				);
				MARKETING_VERSION = 1.0;
				PRODUCT_BUNDLE_IDENTIFIER = "com.585.UI-483";
				PRODUCT_NAME = "$(TARGET_NAME)";
				SWIFT_EMIT_LOC_STRINGS = YES;
				SWIFT_VERSION = 5.0;
				TARGETED_DEVICE_FAMILY = "1,2";
			};
			name = Debug;
		};
		47E323B527CBAAF300D9C8D7 /* Release */ = {
			isa = XCBuildConfiguration;
			buildSettings = {
				ASSETCATALOG_COMPILER_APPICON_NAME = AppIcon;
				ASSETCATALOG_COMPILER_GLOBAL_ACCENT_COLOR_NAME = AccentColor;
				CODE_SIGN_STYLE = Automatic;
				CURRENT_PROJECT_VERSION = 1;
				DEVELOPMENT_ASSET_PATHS = "\"UI-483/Preview Content\"";
				DEVELOPMENT_TEAM = 8CL4U468K5;
				ENABLE_PREVIEWS = YES;
				GENERATE_INFOPLIST_FILE = YES;
				INFOPLIST_KEY_UIApplicationSceneManifest_Generation = YES;
				INFOPLIST_KEY_UIApplicationSupportsIndirectInputEvents = YES;
				INFOPLIST_KEY_UILaunchScreen_Generation = YES;
				INFOPLIST_KEY_UISupportedInterfaceOrientations_iPad = "UIInterfaceOrientationPortrait UIInterfaceOrientationPortraitUpsideDown UIInterfaceOrientationLandscapeLeft UIInterfaceOrientationLandscapeRight";
				INFOPLIST_KEY_UISupportedInterfaceOrientations_iPhone = "UIInterfaceOrientationPortrait UIInterfaceOrientationLandscapeLeft UIInterfaceOrientationLandscapeRight";
				LD_RUNPATH_SEARCH_PATHS = (
					"$(inherited)",
					"@executable_path/Frameworks",
				);
				MARKETING_VERSION = 1.0;
				PRODUCT_BUNDLE_IDENTIFIER = "com.585.UI-483";
				PRODUCT_NAME = "$(TARGET_NAME)";
				SWIFT_EMIT_LOC_STRINGS = YES;
				SWIFT_VERSION = 5.0;
				TARGETED_DEVICE_FAMILY = "1,2";
			};
			name = Release;
		};
		47E323B727CBAAF300D9C8D7 /* Debug */ = {
			isa = XCBuildConfiguration;
			buildSettings = {
				ALWAYS_EMBED_SWIFT_STANDARD_LIBRARIES = YES;
				BUNDLE_LOADER = "$(TEST_HOST)";
				CODE_SIGN_STYLE = Automatic;
				CURRENT_PROJECT_VERSION = 1;
				DEVELOPMENT_TEAM = 8CL4U468K5;
				GENERATE_INFOPLIST_FILE = YES;
				IPHONEOS_DEPLOYMENT_TARGET = 15.4;
				MARKETING_VERSION = 1.0;
				PRODUCT_BUNDLE_IDENTIFIER = "com.585.UI-483Tests";
				PRODUCT_NAME = "$(TARGET_NAME)";
				SWIFT_EMIT_LOC_STRINGS = NO;
				SWIFT_VERSION = 5.0;
				TARGETED_DEVICE_FAMILY = "1,2";
				TEST_HOST = "$(BUILT_PRODUCTS_DIR)/UI-483.app/UI-483";
			};
			name = Debug;
		};
		47E323B827CBAAF300D9C8D7 /* Release */ = {
			isa = XCBuildConfiguration;
			buildSettings = {
				ALWAYS_EMBED_SWIFT_STANDARD_LIBRARIES = YES;
				BUNDLE_LOADER = "$(TEST_HOST)";
				CODE_SIGN_STYLE = Automatic;
				CURRENT_PROJECT_VERSION = 1;
				DEVELOPMENT_TEAM = 8CL4U468K5;
				GENERATE_INFOPLIST_FILE = YES;
				IPHONEOS_DEPLOYMENT_TARGET = 15.4;
				MARKETING_VERSION = 1.0;
				PRODUCT_BUNDLE_IDENTIFIER = "com.585.UI-483Tests";
				PRODUCT_NAME = "$(TARGET_NAME)";
				SWIFT_EMIT_LOC_STRINGS = NO;
				SWIFT_VERSION = 5.0;
				TARGETED_DEVICE_FAMILY = "1,2";
				TEST_HOST = "$(BUILT_PRODUCTS_DIR)/UI-483.app/UI-483";
			};
			name = Release;
		};
		47E323BA27CBAAF300D9C8D7 /* Debug */ = {
			isa = XCBuildConfiguration;
			buildSettings = {
				ALWAYS_EMBED_SWIFT_STANDARD_LIBRARIES = YES;
				CODE_SIGN_STYLE = Automatic;
				CURRENT_PROJECT_VERSION = 1;
				DEVELOPMENT_TEAM = 8CL4U468K5;
				GENERATE_INFOPLIST_FILE = YES;
				MARKETING_VERSION = 1.0;
				PRODUCT_BUNDLE_IDENTIFIER = "com.585.UI-483UITests";
				PRODUCT_NAME = "$(TARGET_NAME)";
				SWIFT_EMIT_LOC_STRINGS = NO;
				SWIFT_VERSION = 5.0;
				TARGETED_DEVICE_FAMILY = "1,2";
				TEST_TARGET_NAME = "UI-483";
			};
			name = Debug;
		};
		47E323BB27CBAAF300D9C8D7 /* Release */ = {
			isa = XCBuildConfiguration;
			buildSettings = {
				ALWAYS_EMBED_SWIFT_STANDARD_LIBRARIES = YES;
				CODE_SIGN_STYLE = Automatic;
				CURRENT_PROJECT_VERSION = 1;
				DEVELOPMENT_TEAM = 8CL4U468K5;
				GENERATE_INFOPLIST_FILE = YES;
				MARKETING_VERSION = 1.0;
				PRODUCT_BUNDLE_IDENTIFIER = "com.585.UI-483UITests";
				PRODUCT_NAME = "$(TARGET_NAME)";
				SWIFT_EMIT_LOC_STRINGS = NO;
				SWIFT_VERSION = 5.0;
				TARGETED_DEVICE_FAMILY = "1,2";
				TEST_TARGET_NAME = "UI-483";
			};
			name = Release;
		};
/* End XCBuildConfiguration section */

/* Begin XCConfigurationList section */
		47E3238A27CBAAF200D9C8D7 /* Build configuration list for PBXProject "UI-483" */ = {
			isa = XCConfigurationList;
			buildConfigurations = (
				47E323B127CBAAF300D9C8D7 /* Debug */,
				47E323B227CBAAF300D9C8D7 /* Release */,
			);
			defaultConfigurationIsVisible = 0;
			defaultConfigurationName = Release;
		};
		47E323B327CBAAF300D9C8D7 /* Build configuration list for PBXNativeTarget "UI-483" */ = {
			isa = XCConfigurationList;
			buildConfigurations = (
				47E323B427CBAAF300D9C8D7 /* Debug */,
				47E323B527CBAAF300D9C8D7 /* Release */,
			);
			defaultConfigurationIsVisible = 0;
			defaultConfigurationName = Release;
		};
		47E323B627CBAAF300D9C8D7 /* Build configuration list for PBXNativeTarget "UI-483Tests" */ = {
			isa = XCConfigurationList;
			buildConfigurations = (
				47E323B727CBAAF300D9C8D7 /* Debug */,
				47E323B827CBAAF300D9C8D7 /* Release */,
			);
			defaultConfigurationIsVisible = 0;
			defaultConfigurationName = Release;
		};
		47E323B927CBAAF300D9C8D7 /* Build configuration list for PBXNativeTarget "UI-483UITests" */ = {
			isa = XCConfigurationList;
			buildConfigurations = (
				47E323BA27CBAAF300D9C8D7 /* Debug */,
				47E323BB27CBAAF300D9C8D7 /* Release */,
			);
			defaultConfigurationIsVisible = 0;
			defaultConfigurationName = Release;
		};
/* End XCConfigurationList section */
	};
	rootObject = 47E3238727CBAAF200D9C8D7 /* Project object */;
}
